
Microsoft Visual Studio Solution File, Format Version 12.00
# Visual Studio 15
Project("{FAE04EC0-301F-11D3-BF4B-00C04F79EFBC}") = "Assembly-CSharp", "Assembly-CSharp.csproj", "{59571A25-8D69-EB2E-1775-2B5FCE809165}"
EndProject
Project("{FAE04EC0-301F-11D3-BF4B-00C04F79EFBC}") = "Assembly-CSharp-Editor", "Assembly-CSharp-Editor.csproj", "{FBA0E6B2-6806-9028-1E68-06B25955745E}"
EndProject
Project("{FAE04EC0-301F-11D3-BF4B-00C04F79EFBC}") = "ParrelSync", "ParrelSync.csproj", "{4BD46DAB-B46E-6B64-6ECB-B53BD7DF768F}"
EndProject
Project("{FAE04EC0-301F-11D3-BF4B-00C04F79EFBC}") = "IngameDebugConsole.Runtime", "IngameDebugConsole.Runtime.csproj", "{0BF133E3-BA95-929C-C994-F26FACE69BAC}"
EndProject
Project("{FAE04EC0-301F-11D3-BF4B-00C04F79EFBC}") = "IngameDebugConsole.Editor", "IngameDebugConsole.Editor.csproj", "{9C8A05F2-EF42-540E-DFEA-F14B06E6489A}"
EndProject
Global
	GlobalSection(SolutionConfigurationPlatforms) = preSolution
		Debug|Any CPU = Debug|Any CPU
		Release|Any CPU = Release|Any CPU
	EndGlobalSection
	GlobalSection(ProjectConfigurationPlatforms) = postSolution
		{59571A25-8D69-EB2E-1775-2B5FCE809165}.Debug|Any CPU.ActiveCfg = Debug|Any CPU
		{59571A25-8D69-EB2E-1775-2B5FCE809165}.Debug|Any CPU.Build.0 = Debug|Any CPU
		{59571A25-8D69-EB2E-1775-2B5FCE809165}.Release|Any CPU.ActiveCfg = Release|Any CPU
		{59571A25-8D69-EB2E-1775-2B5FCE809165}.Release|Any CPU.Build.0 = Release|Any CPU
		{FBA0E6B2-6806-9028-1E68-06B25955745E}.Debug|Any CPU.ActiveCfg = Debug|Any CPU
		{FBA0E6B2-6806-9028-1E68-06B25955745E}.Debug|Any CPU.Build.0 = Debug|Any CPU
		{FBA0E6B2-6806-9028-1E68-06B25955745E}.Release|Any CPU.ActiveCfg = Release|Any CPU
		{FBA0E6B2-6806-9028-1E68-06B25955745E}.Release|Any CPU.Build.0 = Release|Any CPU
		{4BD46DAB-B46E-6B64-6ECB-B53BD7DF768F}.Debug|Any CPU.ActiveCfg = Debug|Any CPU
		{4BD46DAB-B46E-6B64-6ECB-B53BD7DF768F}.Debug|Any CPU.Build.0 = Debug|Any CPU
		{4BD46DAB-B46E-6B64-6ECB-B53BD7DF768F}.Release|Any CPU.ActiveCfg = Release|Any CPU
		{4BD46DAB-B46E-6B64-6ECB-B53BD7DF768F}.Release|Any CPU.Build.0 = Release|Any CPU
		{0BF133E3-BA95-929C-C994-F26FACE69BAC}.Debug|Any CPU.ActiveCfg = Debug|Any CPU
		{0BF133E3-BA95-929C-C994-F26FACE69BAC}.Debug|Any CPU.Build.0 = Debug|Any CPU
		{0BF133E3-BA95-929C-C994-F26FACE69BAC}.Release|Any CPU.ActiveCfg = Release|Any CPU
		{0BF133E3-BA95-929C-C994-F26FACE69BAC}.Release|Any CPU.Build.0 = Release|Any CPU
		{9C8A05F2-EF42-540E-DFEA-F14B06E6489A}.Debug|Any CPU.ActiveCfg = Debug|Any CPU
		{9C8A05F2-EF42-540E-DFEA-F14B06E6489A}.Debug|Any CPU.Build.0 = Debug|Any CPU
		{9C8A05F2-EF42-540E-DFEA-F14B06E6489A}.Release|Any CPU.ActiveCfg = Release|Any CPU
		{9C8A05F2-EF42-540E-DFEA-F14B06E6489A}.Release|Any CPU.Build.0 = Release|Any CPU
	EndGlobalSection
	GlobalSection(SolutionProperties) = preSolution
		HideSolutionNode = FALSE
	EndGlobalSection
EndGlobal
